// !$*UTF8*$!
{
	archiveVersion = 1;
	classes = {
	};
	objectVersion = 55;
	objects = {

/* Begin PBXBuildFile section */
		384C567F27FF300800EFD841 /* WeatherApp.swift in Sources */ = {isa = PBXBuildFile; fileRef = 384C567E27FF300800EFD841 /* WeatherApp.swift */; };
		384C568127FF300800EFD841 /* ContentView.swift in Sources */ = {isa = PBXBuildFile; fileRef = 384C568027FF300800EFD841 /* ContentView.swift */; };
		384C568327FF300E00EFD841 /* Assets.xcassets in Resources */ = {isa = PBXBuildFile; fileRef = 384C568227FF300E00EFD841 /* Assets.xcassets */; };
		384C568627FF300E00EFD841 /* Preview Assets.xcassets in Resources */ = {isa = PBXBuildFile; fileRef = 384C568527FF300E00EFD841 /* Preview Assets.xcassets */; };
		384C568E27FF320900EFD841 /* LocationManager.swift in Sources */ = {isa = PBXBuildFile; fileRef = 384C568D27FF320900EFD841 /* LocationManager.swift */; };
		384C569127FF358600EFD841 /* WelcomeView.swift in Sources */ = {isa = PBXBuildFile; fileRef = 384C569027FF358600EFD841 /* WelcomeView.swift */; };
		384C569327FF3BD600EFD841 /* LoadingView.swift in Sources */ = {isa = PBXBuildFile; fileRef = 384C569227FF3BD600EFD841 /* LoadingView.swift */; };
		38EB703628002122004B9B6C /* WeatherManager.swift in Sources */ = {isa = PBXBuildFile; fileRef = 38EB703528002122004B9B6C /* WeatherManager.swift */; };
		38EB7038280032EE004B9B6C /* WeatherView.swift in Sources */ = {isa = PBXBuildFile; fileRef = 38EB7037280032EE004B9B6C /* WeatherView.swift */; };
		38EB703A28003325004B9B6C /* ModelData.swift in Sources */ = {isa = PBXBuildFile; fileRef = 38EB703928003325004B9B6C /* ModelData.swift */; };
		38EB703C280034CB004B9B6C /* weatherData.json in Resources */ = {isa = PBXBuildFile; fileRef = 38EB703B280034CB004B9B6C /* weatherData.json */; };
		38EB703E28003626004B9B6C /* Extensions.swift in Sources */ = {isa = PBXBuildFile; fileRef = 38EB703D28003626004B9B6C /* Extensions.swift */; };
		38EB704128004C78004B9B6C /* WeatherRow.swift in Sources */ = {isa = PBXBuildFile; fileRef = 38EB704028004C78004B9B6C /* WeatherRow.swift */; };
/* End PBXBuildFile section */

/* Begin PBXFileReference section */
		384C567B27FF300800EFD841 /* Weather.app */ = {isa = PBXFileReference; explicitFileType = wrapper.application; includeInIndex = 0; path = Weather.app; sourceTree = BUILT_PRODUCTS_DIR; };
		384C567E27FF300800EFD841 /* WeatherApp.swift */ = {isa = PBXFileReference; lastKnownFileType = sourcecode.swift; path = WeatherApp.swift; sourceTree = "<group>"; };
		384C568027FF300800EFD841 /* ContentView.swift */ = {isa = PBXFileReference; lastKnownFileType = sourcecode.swift; path = ContentView.swift; sourceTree = "<group>"; };
		384C568227FF300E00EFD841 /* Assets.xcassets */ = {isa = PBXFileReference; lastKnownFileType = folder.assetcatalog; path = Assets.xcassets; sourceTree = "<group>"; };
		384C568527FF300E00EFD841 /* Preview Assets.xcassets */ = {isa = PBXFileReference; lastKnownFileType = folder.assetcatalog; path = "Preview Assets.xcassets"; sourceTree = "<group>"; };
		384C568D27FF320900EFD841 /* LocationManager.swift */ = {isa = PBXFileReference; lastKnownFileType = sourcecode.swift; path = LocationManager.swift; sourceTree = "<group>"; };
		384C569027FF358600EFD841 /* WelcomeView.swift */ = {isa = PBXFileReference; lastKnownFileType = sourcecode.swift; path = WelcomeView.swift; sourceTree = "<group>"; };
		384C569227FF3BD600EFD841 /* LoadingView.swift */ = {isa = PBXFileReference; lastKnownFileType = sourcecode.swift; path = LoadingView.swift; sourceTree = "<group>"; };
		38EB703528002122004B9B6C /* WeatherManager.swift */ = {isa = PBXFileReference; lastKnownFileType = sourcecode.swift; path = WeatherManager.swift; sourceTree = "<group>"; };
		38EB7037280032EE004B9B6C /* WeatherView.swift */ = {isa = PBXFileReference; lastKnownFileType = sourcecode.swift; path = WeatherView.swift; sourceTree = "<group>"; };
		38EB703928003325004B9B6C /* ModelData.swift */ = {isa = PBXFileReference; lastKnownFileType = sourcecode.swift; path = ModelData.swift; sourceTree = "<group>"; };
		38EB703B280034CB004B9B6C /* weatherData.json */ = {isa = PBXFileReference; lastKnownFileType = text.json; path = weatherData.json; sourceTree = "<group>"; };
		38EB703D28003626004B9B6C /* Extensions.swift */ = {isa = PBXFileReference; lastKnownFileType = sourcecode.swift; path = Extensions.swift; sourceTree = "<group>"; };
		38EB704028004C78004B9B6C /* WeatherRow.swift */ = {isa = PBXFileReference; lastKnownFileType = sourcecode.swift; path = WeatherRow.swift; sourceTree = "<group>"; };
/* End PBXFileReference section */

/* Begin PBXFrameworksBuildPhase section */
		384C567827FF300800EFD841 /* Frameworks */ = {
			isa = PBXFrameworksBuildPhase;
			buildActionMask = 2147483647;
			files = (
			);
			runOnlyForDeploymentPostprocessing = 0;
		};
/* End PBXFrameworksBuildPhase section */

/* Begin PBXGroup section */
		384C567227FF300800EFD841 = {
			isa = PBXGroup;
			children = (
				384C567D27FF300800EFD841 /* Weather */,
				384C567C27FF300800EFD841 /* Products */,
			);
			sourceTree = "<group>";
		};
		384C567C27FF300800EFD841 /* Products */ = {
			isa = PBXGroup;
			children = (
				384C567B27FF300800EFD841 /* Weather.app */,
			);
			name = Products;
			sourceTree = "<group>";
		};
		384C567D27FF300800EFD841 /* Weather */ = {
			isa = PBXGroup;
			children = (
				38EB703F28004C5B004B9B6C /* Components */,
				384C568F27FF346300EFD841 /* View */,
				384C568C27FF31F500EFD841 /* Managers */,
				384C567E27FF300800EFD841 /* WeatherApp.swift */,
				384C568227FF300E00EFD841 /* Assets.xcassets */,
				384C568427FF300E00EFD841 /* Preview Content */,
				38EB703D28003626004B9B6C /* Extensions.swift */,
			);
			path = Weather;
			sourceTree = "<group>";
		};
		384C568427FF300E00EFD841 /* Preview Content */ = {
			isa = PBXGroup;
			children = (
				384C568527FF300E00EFD841 /* Preview Assets.xcassets */,
				38EB703928003325004B9B6C /* ModelData.swift */,
				38EB703B280034CB004B9B6C /* weatherData.json */,
			);
			path = "Preview Content";
			sourceTree = "<group>";
		};
		384C568C27FF31F500EFD841 /* Managers */ = {
			isa = PBXGroup;
			children = (
				384C568D27FF320900EFD841 /* LocationManager.swift */,
				38EB703528002122004B9B6C /* WeatherManager.swift */,
			);
			path = Managers;
			sourceTree = "<group>";
		};
		384C568F27FF346300EFD841 /* View */ = {
			isa = PBXGroup;
			children = (
				384C568027FF300800EFD841 /* ContentView.swift */,
				38EB7037280032EE004B9B6C /* WeatherView.swift */,
				384C569027FF358600EFD841 /* WelcomeView.swift */,
				384C569227FF3BD600EFD841 /* LoadingView.swift */,
			);
			path = View;
			sourceTree = "<group>";
		};
		38EB703F28004C5B004B9B6C /* Components */ = {
			isa = PBXGroup;
			children = (
				38EB704028004C78004B9B6C /* WeatherRow.swift */,
			);
			path = Components;
			sourceTree = "<group>";
		};
/* End PBXGroup section */

/* Begin PBXNativeTarget section */
		384C567A27FF300800EFD841 /* Weather */ = {
			isa = PBXNativeTarget;
			buildConfigurationList = 384C568927FF300E00EFD841 /* Build configuration list for PBXNativeTarget "Weather" */;
			buildPhases = (
				384C567727FF300800EFD841 /* Sources */,
				384C567827FF300800EFD841 /* Frameworks */,
				384C567927FF300800EFD841 /* Resources */,
			);
			buildRules = (
			);
			dependencies = (
			);
			name = Weather;
			productName = Weather;
			productReference = 384C567B27FF300800EFD841 /* Weather.app */;
			productType = "com.apple.product-type.application";
		};
/* End PBXNativeTarget section */

/* Begin PBXProject section */
		384C567327FF300800EFD841 /* Project object */ = {
			isa = PBXProject;
			attributes = {
				BuildIndependentTargetsInParallel = 1;
				LastSwiftUpdateCheck = 1330;
				LastUpgradeCheck = 1330;
				TargetAttributes = {
					384C567A27FF300800EFD841 = {
						CreatedOnToolsVersion = 13.3;
					};
				};
			};
			buildConfigurationList = 384C567627FF300800EFD841 /* Build configuration list for PBXProject "Weather" */;
			compatibilityVersion = "Xcode 13.0";
			developmentRegion = en;
			hasScannedForEncodings = 0;
			knownRegions = (
				en,
				Base,
			);
			mainGroup = 384C567227FF300800EFD841;
			productRefGroup = 384C567C27FF300800EFD841 /* Products */;
			projectDirPath = "";
			projectRoot = "";
			targets = (
				384C567A27FF300800EFD841 /* Weather */,
			);
		};
/* End PBXProject section */

/* Begin PBXResourcesBuildPhase section */
		384C567927FF300800EFD841 /* Resources */ = {
			isa = PBXResourcesBuildPhase;
			buildActionMask = 2147483647;
			files = (
				384C568627FF300E00EFD841 /* Preview Assets.xcassets in Resources */,
				38EB703C280034CB004B9B6C /* weatherData.json in Resources */,
				384C568327FF300E00EFD841 /* Assets.xcassets in Resources */,
			);
			runOnlyForDeploymentPostprocessing = 0;
		};
/* End PBXResourcesBuildPhase section */

/* Begin PBXSourcesBuildPhase section */
		384C567727FF300800EFD841 /* Sources */ = {
			isa = PBXSourcesBuildPhase;
			buildActionMask = 2147483647;
			files = (
				38EB703E28003626004B9B6C /* Extensions.swift in Sources */,
				38EB703628002122004B9B6C /* WeatherManager.swift in Sources */,
				384C568127FF300800EFD841 /* ContentView.swift in Sources */,
				384C567F27FF300800EFD841 /* WeatherApp.swift in Sources */,
				384C568E27FF320900EFD841 /* LocationManager.swift in Sources */,
				38EB704128004C78004B9B6C /* WeatherRow.swift in Sources */,
				384C569327FF3BD600EFD841 /* LoadingView.swift in Sources */,
				38EB703A28003325004B9B6C /* ModelData.swift in Sources */,
				38EB7038280032EE004B9B6C /* WeatherView.swift in Sources */,
				384C569127FF358600EFD841 /* WelcomeView.swift in Sources */,
			);
			runOnlyForDeploymentPostprocessing = 0;
		};
/* End PBXSourcesBuildPhase section */

/* Begin XCBuildConfiguration section */
		384C568727FF300E00EFD841 /* Debug */ = {
			isa = XCBuildConfiguration;
			buildSettings = {
				ALWAYS_SEARCH_USER_PATHS = NO;
				CLANG_ANALYZER_NONNULL = YES;
				CLANG_ANALYZER_NUMBER_OBJECT_CONVERSION = YES_AGGRESSIVE;
				CLANG_CXX_LANGUAGE_STANDARD = "gnu++17";
				CLANG_ENABLE_MODULES = YES;
				CLANG_ENABLE_OBJC_ARC = YES;
				CLANG_ENABLE_OBJC_WEAK = YES;
				CLANG_WARN_BLOCK_CAPTURE_AUTORELEASING = YES;
				CLANG_WARN_BOOL_CONVERSION = YES;
				CLANG_WARN_COMMA = YES;
				CLANG_WARN_CONSTANT_CONVERSION = YES;
				CLANG_WARN_DEPRECATED_OBJC_IMPLEMENTATIONS = YES;
				CLANG_WARN_DIRECT_OBJC_ISA_USAGE = YES_ERROR;
				CLANG_WARN_DOCUMENTATION_COMMENTS = YES;
				CLANG_WARN_EMPTY_BODY = YES;
				CLANG_WARN_ENUM_CONVERSION = YES;
				CLANG_WARN_INFINITE_RECURSION = YES;
				CLANG_WARN_INT_CONVERSION = YES;
				CLANG_WARN_NON_LITERAL_NULL_CONVERSION = YES;
				CLANG_WARN_OBJC_IMPLICIT_RETAIN_SELF = YES;
				CLANG_WARN_OBJC_LITERAL_CONVERSION = YES;
				CLANG_WARN_OBJC_ROOT_CLASS = YES_ERROR;
				CLANG_WARN_QUOTED_INCLUDE_IN_FRAMEWORK_HEADER = YES;
				CLANG_WARN_RANGE_LOOP_ANALYSIS = YES;
				CLANG_WARN_STRICT_PROTOTYPES = YES;
				CLANG_WARN_SUSPICIOUS_MOVE = YES;
				CLANG_WARN_UNGUARDED_AVAILABILITY = YES_AGGRESSIVE;
				CLANG_WARN_UNREACHABLE_CODE = YES;
				CLANG_WARN__DUPLICATE_METHOD_MATCH = YES;
				COPY_PHASE_STRIP = NO;
				DEBUG_INFORMATION_FORMAT = dwarf;
				ENABLE_STRICT_OBJC_MSGSEND = YES;
				ENABLE_TESTABILITY = YES;
				GCC_C_LANGUAGE_STANDARD = gnu11;
				GCC_DYNAMIC_NO_PIC = NO;
				GCC_NO_COMMON_BLOCKS = YES;
				GCC_OPTIMIZATION_LEVEL = 0;
				GCC_PREPROCESSOR_DEFINITIONS = (
					"DEBUG=1",
					"$(inherited)",
				);
				GCC_WARN_64_TO_32_BIT_CONVERSION = YES;
				GCC_WARN_ABOUT_RETURN_TYPE = YES_ERROR;
				GCC_WARN_UNDECLARED_SELECTOR = YES;
				GCC_WARN_UNINITIALIZED_AUTOS = YES_AGGRESSIVE;
				GCC_WARN_UNUSED_FUNCTION = YES;
				GCC_WARN_UNUSED_VARIABLE = YES;
				IPHONEOS_DEPLOYMENT_TARGET = 15.4;
				MTL_ENABLE_DEBUG_INFO = INCLUDE_SOURCE;
				MTL_FAST_MATH = YES;
				ONLY_ACTIVE_ARCH = YES;
				SDKROOT = iphoneos;
				SWIFT_ACTIVE_COMPILATION_CONDITIONS = DEBUG;
				SWIFT_OPTIMIZATION_LEVEL = "-Onone";
			};
			name = Debug;
		};
		384C568827FF300E00EFD841 /* Release */ = {
			isa = XCBuildConfiguration;
			buildSettings = {
				ALWAYS_SEARCH_USER_PATHS = NO;
				CLANG_ANALYZER_NONNULL = YES;
				CLANG_ANALYZER_NUMBER_OBJECT_CONVERSION = YES_AGGRESSIVE;
				CLANG_CXX_LANGUAGE_STANDARD = "gnu++17";
				CLANG_ENABLE_MODULES = YES;
				CLANG_ENABLE_OBJC_ARC = YES;
				CLANG_ENABLE_OBJC_WEAK = YES;
				CLANG_WARN_BLOCK_CAPTURE_AUTORELEASING = YES;
				CLANG_WARN_BOOL_CONVERSION = YES;
				CLANG_WARN_COMMA = YES;
				CLANG_WARN_CONSTANT_CONVERSION = YES;
				CLANG_WARN_DEPRECATED_OBJC_IMPLEMENTATIONS = YES;
				CLANG_WARN_DIRECT_OBJC_ISA_USAGE = YES_ERROR;
				CLANG_WARN_DOCUMENTATION_COMMENTS = YES;
				CLANG_WARN_EMPTY_BODY = YES;
				CLANG_WARN_ENUM_CONVERSION = YES;
				CLANG_WARN_INFINITE_RECURSION = YES;
				CLANG_WARN_INT_CONVERSION = YES;
				CLANG_WARN_NON_LITERAL_NULL_CONVERSION = YES;
				CLANG_WARN_OBJC_IMPLICIT_RETAIN_SELF = YES;
				CLANG_WARN_OBJC_LITERAL_CONVERSION = YES;
				CLANG_WARN_OBJC_ROOT_CLASS = YES_ERROR;
				CLANG_WARN_QUOTED_INCLUDE_IN_FRAMEWORK_HEADER = YES;
				CLANG_WARN_RANGE_LOOP_ANALYSIS = YES;
				CLANG_WARN_STRICT_PROTOTYPES = YES;
				CLANG_WARN_SUSPICIOUS_MOVE = YES;
				CLANG_WARN_UNGUARDED_AVAILABILITY = YES_AGGRESSIVE;
				CLANG_WARN_UNREACHABLE_CODE = YES;
				CLANG_WARN__DUPLICATE_METHOD_MATCH = YES;
				COPY_PHASE_STRIP = NO;
				DEBUG_INFORMATION_FORMAT = "dwarf-with-dsym";
				ENABLE_NS_ASSERTIONS = NO;
				ENABLE_STRICT_OBJC_MSGSEND = YES;
				GCC_C_LANGUAGE_STANDARD = gnu11;
				GCC_NO_COMMON_BLOCKS = YES;
				GCC_WARN_64_TO_32_BIT_CONVERSION = YES;
				GCC_WARN_ABOUT_RETURN_TYPE = YES_ERROR;
				GCC_WARN_UNDECLARED_SELECTOR = YES;
				GCC_WARN_UNINITIALIZED_AUTOS = YES_AGGRESSIVE;
				GCC_WARN_UNUSED_FUNCTION = YES;
				GCC_WARN_UNUSED_VARIABLE = YES;
				IPHONEOS_DEPLOYMENT_TARGET = 15.4;
				MTL_ENABLE_DEBUG_INFO = NO;
				MTL_FAST_MATH = YES;
				SDKROOT = iphoneos;
				SWIFT_COMPILATION_MODE = wholemodule;
				SWIFT_OPTIMIZATION_LEVEL = "-O";
				VALIDATE_PRODUCT = YES;
			};
			name = Release;
		};
		384C568A27FF300E00EFD841 /* Debug */ = {
			isa = XCBuildConfiguration;
			buildSettings = {
				ASSETCATALOG_COMPILER_APPICON_NAME = AppIcon;
				ASSETCATALOG_COMPILER_GLOBAL_ACCENT_COLOR_NAME = AccentColor;
				CODE_SIGN_STYLE = Automatic;
				CURRENT_PROJECT_VERSION = 1;
				DEVELOPMENT_ASSET_PATHS = "\"Weather/Preview Content\"";
				DEVELOPMENT_TEAM = U8K396794T;
				ENABLE_PREVIEWS = YES;
				GENERATE_INFOPLIST_FILE = YES;
				INFOPLIST_KEY_UIApplicationSceneManifest_Generation = YES;
				INFOPLIST_KEY_UIApplicationSupportsIndirectInputEvents = YES;
				INFOPLIST_KEY_UILaunchScreen_Generation = YES;
				INFOPLIST_KEY_UISupportedInterfaceOrientations_iPad = "UIInterfaceOrientationPortrait UIInterfaceOrientationPortraitUpsideDown UIInterfaceOrientationLandscapeLeft UIInterfaceOrientationLandscapeRight";
				INFOPLIST_KEY_UISupportedInterfaceOrientations_iPhone = "UIInterfaceOrientationPortrait UIInterfaceOrientationLandscapeLeft UIInterfaceOrientationLandscapeRight";
				IPHONEOS_DEPLOYMENT_TARGET = 15.4;
				LD_RUNPATH_SEARCH_PATHS = (
					"$(inherited)",
					"@executable_path/Frameworks",
				);
				MARKETING_VERSION = 1.0;
				PRODUCT_BUNDLE_IDENTIFIER = io.dyobi.Weather;
				PRODUCT_NAME = "$(TARGET_NAME)";
				SWIFT_EMIT_LOC_STRINGS = YES;
				SWIFT_VERSION = 5.0;
				TARGETED_DEVICE_FAMILY = "1,2";
			};
			name = Debug;
		};
		384C568B27FF300E00EFD841 /* Release */ = {
			isa = XCBuildConfiguration;
			buildSettings = {
				ASSETCATALOG_COMPILER_APPICON_NAME = AppIcon;
				ASSETCATALOG_COMPILER_GLOBAL_ACCENT_COLOR_NAME = AccentColor;
				CODE_SIGN_STYLE = Automatic;
				CURRENT_PROJECT_VERSION = 1;
				DEVELOPMENT_ASSET_PATHS = "\"Weather/Preview Content\"";
				DEVELOPMENT_TEAM = U8K396794T;
				ENABLE_PREVIEWS = YES;
				GENERATE_INFOPLIST_FILE = YES;
				INFOPLIST_KEY_UIApplicationSceneManifest_Generation = YES;
				INFOPLIST_KEY_UIApplicationSupportsIndirectInputEvents = YES;
				INFOPLIST_KEY_UILaunchScreen_Generation = YES;
				INFOPLIST_KEY_UISupportedInterfaceOrientations_iPad = "UIInterfaceOrientationPortrait UIInterfaceOrientationPortraitUpsideDown UIInterfaceOrientationLandscapeLeft UIInterfaceOrientationLandscapeRight";
				INFOPLIST_KEY_UISupportedInterfaceOrientations_iPhone = "UIInterfaceOrientationPortrait UIInterfaceOrientationLandscapeLeft UIInterfaceOrientationLandscapeRight";
				IPHONEOS_DEPLOYMENT_TARGET = 15.4;
				LD_RUNPATH_SEARCH_PATHS = (
					"$(inherited)",
					"@executable_path/Frameworks",
				);
				MARKETING_VERSION = 1.0;
				PRODUCT_BUNDLE_IDENTIFIER = io.dyobi.Weather;
				PRODUCT_NAME = "$(TARGET_NAME)";
				SWIFT_EMIT_LOC_STRINGS = YES;
				SWIFT_VERSION = 5.0;
				TARGETED_DEVICE_FAMILY = "1,2";
			};
			name = Release;
		};
/* End XCBuildConfiguration section */

/* Begin XCConfigurationList section */
		384C567627FF300800EFD841 /* Build configuration list for PBXProject "Weather" */ = {
			isa = XCConfigurationList;
			buildConfigurations = (
				384C568727FF300E00EFD841 /* Debug */,
				384C568827FF300E00EFD841 /* Release */,
			);
			defaultConfigurationIsVisible = 0;
			defaultConfigurationName = Release;
		};
		384C568927FF300E00EFD841 /* Build configuration list for PBXNativeTarget "Weather" */ = {
			isa = XCConfigurationList;
			buildConfigurations = (
				384C568A27FF300E00EFD841 /* Debug */,
				384C568B27FF300E00EFD841 /* Release */,
			);
			defaultConfigurationIsVisible = 0;
			defaultConfigurationName = Release;
		};
/* End XCConfigurationList section */
	};
	rootObject = 384C567327FF300800EFD841 /* Project object */;
}
